
Microsoft Visual Studio Solution File, Format Version 12.00
Project("{FAE04EC0-301F-11D3-BF4B-00C04F79EFBC}") = "Spravy.ToDo.Domain", "Spravy.ToDo.Domain\Spravy.ToDo.Domain.csproj", "{DBECA9D0-4945-48D5-992D-E3151D0DC163}"
EndProject
Project("{FAE04EC0-301F-11D3-BF4B-00C04F79EFBC}") = "Spravy.ToDo.Service", "Spravy.ToDo.Service\Spravy.ToDo.Service.csproj", "{989659C9-DF1F-41DF-8F8E-94D9D80A2EFD}"
EndProject
Project("{FAE04EC0-301F-11D3-BF4B-00C04F79EFBC}") = "Spravy.Ui", "Spravy.Ui\Spravy.Ui.csproj", "{C2B020FF-C3E6-4E33-8C7C-08F6905A93A7}"
EndProject
Project("{FAE04EC0-301F-11D3-BF4B-00C04F79EFBC}") = "Spravy.ToDo.Db", "Spravy.ToDo.Db\Spravy.ToDo.Db.csproj", "{070847AF-17CA-4FCA-8B73-6763A6EF05BE}"
EndProject
Project("{FAE04EC0-301F-11D3-BF4B-00C04F79EFBC}") = "Spravy.Ui.Desktop", "Spravy.Ui.Desktop\Spravy.Ui.Desktop.csproj", "{D5AB773A-BACE-4FBB-923D-0F08ABAB5179}"
EndProject
Project("{FAE04EC0-301F-11D3-BF4B-00C04F79EFBC}") = "Spravy.ToDo.Db.Sqlite", "Spravy.ToDo.Db.Sqlite\Spravy.ToDo.Db.Sqlite.csproj", "{62AC9849-0775-4791-A28B-5DF53A40FC8B}"
EndProject
Project("{FAE04EC0-301F-11D3-BF4B-00C04F79EFBC}") = "Spravy.ToDo.Db.Sqlite.Migrator", "Spravy.ToDo.Db.Sqlite.Migrator\Spravy.ToDo.Db.Sqlite.Migrator.csproj", "{3EDF179E-70AE-4A31-A54C-CCE213BE29D2}"
EndProject
Project("{FAE04EC0-301F-11D3-BF4B-00C04F79EFBC}") = "Spravy.Ui.Android", "Spravy.Ui.Android\Spravy.Ui.Android.csproj", "{DEC68166-774A-4A1E-9069-2C678C566814}"
EndProject
Project("{9A19103F-16F7-4668-BE54-9A1E7A4F7556}") = "_build", "build\_build.csproj", "{688C2548-FD10-4AB8-81CB-66AF978339DF}"
EndProject
Project("{FAE04EC0-301F-11D3-BF4B-00C04F79EFBC}") = "Spravy.Ui.Browser", "Spravy.Ui.Browser\Spravy.Ui.Browser.csproj", "{6B149ED6-F83B-4731-8950-E2989D96E1D8}"
EndProject
Project("{FAE04EC0-301F-11D3-BF4B-00C04F79EFBC}") = "Spravy.ToDo.Domain.Client", "Spravy.ToDo.Domain.Client\Spravy.ToDo.Domain.Client.csproj", "{447ABE78-490A-4D33-BC08-8D9BA5980030}"
EndProject
Project("{FAE04EC0-301F-11D3-BF4B-00C04F79EFBC}") = "Spravy.ToDo.Db.Mapper", "Spravy.ToDo.Db.Mapper\Spravy.ToDo.Db.Mapper.csproj", "{DF47ACE4-706C-481C-A66E-E41487BB2855}"
EndProject
Project("{FAE04EC0-301F-11D3-BF4B-00C04F79EFBC}") = "Spravy.Authentication.Domain", "Spravy.Authentication.Domain\Spravy.Authentication.Domain.csproj", "{13485D75-2234-4798-AE7A-5B993E72BE97}"
EndProject
Project("{FAE04EC0-301F-11D3-BF4B-00C04F79EFBC}") = "Spravy.Authentication.Domain.Mapper", "Spravy.Authentication.Domain.Mapper\Spravy.Authentication.Domain.Mapper.csproj", "{F9682BE3-CAF5-4C5F-A953-CAA5A5DBBC40}"
EndProject
Project("{FAE04EC0-301F-11D3-BF4B-00C04F79EFBC}") = "Spravy.Authentication.Service", "Spravy.Authentication.Service\Spravy.Authentication.Service.csproj", "{230CA379-E97C-41C7-B6CF-4273B014B497}"
EndProject
Project("{FAE04EC0-301F-11D3-BF4B-00C04F79EFBC}") = "Spravy.Authentication.Db", "Spravy.Authentication.Db\Spravy.Authentication.Db.csproj", "{8DA7C381-65E0-4216-9021-D4CB7A186453}"
EndProject
Project("{FAE04EC0-301F-11D3-BF4B-00C04F79EFBC}") = "Spravy.Authentication.Db.Sqlite", "Spravy.Authentication.Db.Sqlite\Spravy.Authentication.Db.Sqlite.csproj", "{24362C7C-C419-461E-9D82-A27731AB45BA}"
EndProject
Project("{FAE04EC0-301F-11D3-BF4B-00C04F79EFBC}") = "Spravy.Db", "Spravy.Db\Spravy.Db.csproj", "{CEEEF326-0142-42A2-9F7C-BC7FDF352AEA}"
EndProject
Project("{FAE04EC0-301F-11D3-BF4B-00C04F79EFBC}") = "Spravy.Authentication.Db.Sqlite.Migrator", "Spravy.Authentication.Db.Sqlite.Migrator\Spravy.Authentication.Db.Sqlite.Migrator.csproj", "{295BC19D-4728-48B6-9F0F-9081D2CEDE40}"
EndProject
Project("{FAE04EC0-301F-11D3-BF4B-00C04F79EFBC}") = "Spravy.Domain", "Spravy.Domain\Spravy.Domain.csproj", "{3DDCB234-3912-4107-8A6D-D182621B5482}"
EndProject
Project("{FAE04EC0-301F-11D3-BF4B-00C04F79EFBC}") = "Spravy.Authentication.Db.Mapper", "Spravy.Authentication.Db.Mapper\Spravy.Authentication.Db.Mapper.csproj", "{AB428F21-C3D7-4193-BD07-F9DD162EB68D}"
EndProject
Project("{FAE04EC0-301F-11D3-BF4B-00C04F79EFBC}") = "Spravy.Client", "Spravy.Client\Spravy.Client.csproj", "{90FE4F5F-15EA-4088-940F-C5A2B7288D54}"
EndProject
Project("{FAE04EC0-301F-11D3-BF4B-00C04F79EFBC}") = "Spravy.ToDo.Domain.Mapper", "Spravy.ToDo.Domain.Mapper\Spravy.ToDo.Domain.Mapper.csproj", "{8F4B7624-54F9-4A70-8061-89FAC23186C0}"
EndProject
Project("{2150E333-8FDC-42A3-9474-1A3956D46DE8}") = "Authentication", "Authentication", "{AE245578-F16D-44FB-8F2C-496CBE7C1D53}"
EndProject
Project("{2150E333-8FDC-42A3-9474-1A3956D46DE8}") = "ToDo", "ToDo", "{C260C487-7351-40F3-AA1F-E28BC4B51494}"
EndProject
Project("{2150E333-8FDC-42A3-9474-1A3956D46DE8}") = "EventBus", "EventBus", "{1B62345A-F423-4CA1-A4B5-56DEC8B9F3E9}"
EndProject
Project("{FAE04EC0-301F-11D3-BF4B-00C04F79EFBC}") = "Spravy.EventBus.Domain", "Spravy.EventBus.Domain\Spravy.EventBus.Domain.csproj", "{95D1D7A2-0490-4B67-A5B8-A27FC067DEA8}"
EndProject
Project("{FAE04EC0-301F-11D3-BF4B-00C04F79EFBC}") = "Spravy.EventBus.Service", "Spravy.EventBus.Service\Spravy.EventBus.Service.csproj", "{8EA5D29A-3FC6-4021-81C8-FB4F0F1CF3D4}"
EndProject
Project("{FAE04EC0-301F-11D3-BF4B-00C04F79EFBC}") = "Spravy.EventBus.Domain.Mapper", "Spravy.EventBus.Domain.Mapper\Spravy.EventBus.Domain.Mapper.csproj", "{729418D0-F401-4197-B8A5-98CF9725236D}"
EndProject
Project("{FAE04EC0-301F-11D3-BF4B-00C04F79EFBC}") = "Spravy.EventBus.Domain.Client", "Spravy.EventBus.Domain.Client\Spravy.EventBus.Domain.Client.csproj", "{F7E698B5-379A-4A41-9500-A1275048CB34}"
EndProject
Project("{2150E333-8FDC-42A3-9474-1A3956D46DE8}") = "Schedule", "Schedule", "{66EB2F70-0745-43DC-AB59-8DFE3BB248AB}"
EndProject
Project("{FAE04EC0-301F-11D3-BF4B-00C04F79EFBC}") = "Spravy.Schedule.Domain", "Spravy.Schedule.Domain\Spravy.Schedule.Domain.csproj", "{54D6CF9A-1335-45F3-B696-A0AA3419E644}"
EndProject
Project("{FAE04EC0-301F-11D3-BF4B-00C04F79EFBC}") = "Spravy.Schedule.Domain.Mapper", "Spravy.Schedule.Domain.Mapper\Spravy.Schedule.Domain.Mapper.csproj", "{020D524E-3F41-48F1-AA80-1048E6754758}"
EndProject
Project("{FAE04EC0-301F-11D3-BF4B-00C04F79EFBC}") = "Spravy.Service", "Spravy.Service\Spravy.Service.csproj", "{20C7A9E7-84FC-4693-81E4-C2757160B185}"
EndProject
Project("{FAE04EC0-301F-11D3-BF4B-00C04F79EFBC}") = "Spravy.Schedule.Service", "Spravy.Schedule.Service\Spravy.Schedule.Service.csproj", "{7B368647-DDA9-44C2-BB44-3FC1536F787C}"
EndProject
Project("{FAE04EC0-301F-11D3-BF4B-00C04F79EFBC}") = "Spravy.Schedule.Db", "Spravy.Schedule.Db\Spravy.Schedule.Db.csproj", "{0F8D3964-BA93-4AB4-A0A0-0799C6436BD7}"
EndProject
Project("{FAE04EC0-301F-11D3-BF4B-00C04F79EFBC}") = "Spravy.Schedule.Db.Sqlite", "Spravy.Schedule.Db.Sqlite\Spravy.Schedule.Db.Sqlite.csproj", "{1F3FD7F8-5FA4-4046-B60A-9F2E6C684A59}"
EndProject
Project("{FAE04EC0-301F-11D3-BF4B-00C04F79EFBC}") = "Spravy.Schedule.Db.Sqlite.Migrator", "Spravy.Schedule.Db.Sqlite.Migrator\Spravy.Schedule.Db.Sqlite.Migrator.csproj", "{67AA8E0A-775D-4CE6-AA87-3E3E4E6EE314}"
EndProject
Project("{FAE04EC0-301F-11D3-BF4B-00C04F79EFBC}") = "Spravy.Db.Sqlite", "Spravy.Db.Sqlite\Spravy.Db.Sqlite.csproj", "{48F54D72-DE5D-4B39-91A1-C6BF8957D3C0}"
EndProject
Project("{FAE04EC0-301F-11D3-BF4B-00C04F79EFBC}") = "Spravy.Schedule.Db.Mapper", "Spravy.Schedule.Db.Mapper\Spravy.Schedule.Db.Mapper.csproj", "{422E9B47-7D7B-4F2E-9494-817D18CD4C78}"
EndProject
Project("{FAE04EC0-301F-11D3-BF4B-00C04F79EFBC}") = "Spravy.Schedule.Domain.Client", "Spravy.Schedule.Domain.Client\Spravy.Schedule.Domain.Client.csproj", "{201BD07D-AA4D-4DF9-9E5A-86D634727090}"
EndProject
Project("{FAE04EC0-301F-11D3-BF4B-00C04F79EFBC}") = "Spravy.EventBus.Db", "Spravy.EventBus.Db\Spravy.EventBus.Db.csproj", "{1052E9E8-0BC3-477A-BB0F-07D1A9247EFE}"
EndProject
Project("{FAE04EC0-301F-11D3-BF4B-00C04F79EFBC}") = "Spravy.EventBus.Db.Sqlite", "Spravy.EventBus.Db.Sqlite\Spravy.EventBus.Db.Sqlite.csproj", "{A8F3245F-932D-415D-941C-E19EE80BD0E3}"
EndProject
Project("{FAE04EC0-301F-11D3-BF4B-00C04F79EFBC}") = "Spravy.EventBus.Db.Sqlite.Migrator", "Spravy.EventBus.Db.Sqlite.Migrator\Spravy.EventBus.Db.Sqlite.Migrator.csproj", "{4417CAAA-23CE-4932-8C21-DFD65891A199}"
EndProject
Project("{FAE04EC0-301F-11D3-BF4B-00C04F79EFBC}") = "Spravy.Authentication.Domain.Client", "Spravy.Authentication.Domain.Client\Spravy.Authentication.Domain.Client.csproj", "{3085BB9C-27E5-47B7-8FA2-E7C66B5531DD}"
EndProject
Project("{2150E333-8FDC-42A3-9474-1A3956D46DE8}") = "Ui", "Ui", "{C8FCA1D5-FB55-42E0-9C82-97F892985DD2}"
EndProject
Project("{FAE04EC0-301F-11D3-BF4B-00C04F79EFBC}") = "Spravy.EventBus.Db.Mapper", "Spravy.EventBus.Db.Mapper\Spravy.EventBus.Db.Mapper.csproj", "{D0ED9EBA-2AE3-42BC-B64D-B390F986589C}"
EndProject
Project("{2150E333-8FDC-42A3-9474-1A3956D46DE8}") = "Router", "Router", "{2767C4F9-3C74-406E-B5B0-DE02A0CA5936}"
EndProject
Project("{FAE04EC0-301F-11D3-BF4B-00C04F79EFBC}") = "Spravy.Router.Service", "Spravy.Router.Service\Spravy.Router.Service.csproj", "{2F25E662-E5DF-4617-BA33-2D2ADFE8D06B}"
EndProject
Project("{FAE04EC0-301F-11D3-BF4B-00C04F79EFBC}") = "Spravy.Core", "Spravy.Core\Spravy.Core.csproj", "{A3F05DBE-1B50-4294-9466-76224ADE4E27}"
EndProject
Project("{2150E333-8FDC-42A3-9474-1A3956D46DE8}") = "PasswordGenerator", "PasswordGenerator", "{E98A988F-269B-47AA-9095-8540F145A1A1}"
EndProject
Project("{FAE04EC0-301F-11D3-BF4B-00C04F79EFBC}") = "Spravy.PasswordGenerator.Db", "Spravy.PasswordGenerator.Db\Spravy.PasswordGenerator.Db.csproj", "{ED562236-3D80-4B02-81D2-29530F73CB09}"
EndProject
Project("{FAE04EC0-301F-11D3-BF4B-00C04F79EFBC}") = "Spravy.PasswordGenerator.Service", "Spravy.PasswordGenerator.Service\Spravy.PasswordGenerator.Service.csproj", "{68065314-C9DF-407B-A776-74396C3DFB90}"
EndProject
Project("{FAE04EC0-301F-11D3-BF4B-00C04F79EFBC}") = "Spravy.PasswordGenerator.Domain", "Spravy.PasswordGenerator.Domain\Spravy.PasswordGenerator.Domain.csproj", "{1229BE79-F042-4B12-BFDA-5EFF78297AE7}"
EndProject
Project("{FAE04EC0-301F-11D3-BF4B-00C04F79EFBC}") = "Spravy.PasswordGenerator.Domain.Client", "Spravy.PasswordGenerator.Domain.Client\Spravy.PasswordGenerator.Domain.Client.csproj", "{5C55E16B-601F-4EE8-90DC-23E645920EF6}"
EndProject
Project("{FAE04EC0-301F-11D3-BF4B-00C04F79EFBC}") = "Spravy.PasswordGenerator.Domain.Mapper", "Spravy.PasswordGenerator.Domain.Mapper\Spravy.PasswordGenerator.Domain.Mapper.csproj", "{A2A503AB-8AF8-4857-9C10-9DD09E6A5E4D}"
EndProject
Project("{FAE04EC0-301F-11D3-BF4B-00C04F79EFBC}") = "Spravy.PasswordGenerator.Db.Sqlite.Migrator", "Spravy.PasswordGenerator.Db.Sqlite.Migrator\Spravy.PasswordGenerator.Db.Sqlite.Migrator.csproj", "{9B169846-1E08-4827-A4BE-0FCAAECC6ABD}"
EndProject
Project("{FAE04EC0-301F-11D3-BF4B-00C04F79EFBC}") = "Spravy.PasswordGenerator.Db.Sqlite", "Spravy.PasswordGenerator.Db.Sqlite\Spravy.PasswordGenerator.Db.Sqlite.csproj", "{2E94B42B-FF09-44DD-B32F-C0B380467373}"
EndProject
Project("{FAE04EC0-301F-11D3-BF4B-00C04F79EFBC}") = "Spravy.PasswordGenerator.Db.Mapper", "Spravy.PasswordGenerator.Db.Mapper\Spravy.PasswordGenerator.Db.Mapper.csproj", "{B12DE399-C5B0-4213-988F-4ECED92ACDF9}"
EndProject
Project("{2150E333-8FDC-42A3-9474-1A3956D46DE8}") = "Feedback", "Feedback", "{D686B281-B959-48D0-9E74-57C95D5AE4D0}"
EndProject
Project("{FAE04EC0-301F-11D3-BF4B-00C04F79EFBC}") = "Spravy.Feedback.Domain", "Spravy.Feedback.Domain\Spravy.Feedback.Domain.csproj", "{621F6387-1B81-4137-901A-134622956BD8}"
EndProject
Project("{FAE04EC0-301F-11D3-BF4B-00C04F79EFBC}") = "Spravy.Integration.Tests", "Spravy.Integration.Tests\Spravy.Integration.Tests.csproj", "{31627D0D-8A41-4480-8D24-78FD136269FE}"
EndProject
Project("{2150E333-8FDC-42A3-9474-1A3956D46DE8}") = "Solution Items", "Solution Items", "{1C2C71F3-60C6-489A-AEA3-E768533D88F0}"
	ProjectSection(SolutionItems) = preProject
		docker-compose.yml = docker-compose.yml
	EndProjectSection
EndProject
Project("{2150E333-8FDC-42A3-9474-1A3956D46DE8}") = "Tools", "Tools", "{CF7A8458-9E7A-437A-9805-1BAA2560ABF3}"
EndProject
Project("{FAE04EC0-301F-11D3-BF4B-00C04F79EFBC}") = "ViewModelToViewGenerator", "ViewModelToViewGenerator\ViewModelToViewGenerator.csproj", "{985A38BF-8841-4B54-BF83-8DC6322A7868}"
EndProject
Global
	GlobalSection(SolutionConfigurationPlatforms) = preSolution
		Debug|Any CPU = Debug|Any CPU
		Release|Any CPU = Release|Any CPU
	EndGlobalSection
	GlobalSection(ProjectConfigurationPlatforms) = postSolution
		{688C2548-FD10-4AB8-81CB-66AF978339DF}.Debug|Any CPU.ActiveCfg = Debug|Any CPU
		{688C2548-FD10-4AB8-81CB-66AF978339DF}.Release|Any CPU.ActiveCfg = Release|Any CPU
		{DBECA9D0-4945-48D5-992D-E3151D0DC163}.Debug|Any CPU.ActiveCfg = Debug|Any CPU
		{DBECA9D0-4945-48D5-992D-E3151D0DC163}.Debug|Any CPU.Build.0 = Debug|Any CPU
		{DBECA9D0-4945-48D5-992D-E3151D0DC163}.Release|Any CPU.ActiveCfg = Release|Any CPU
		{DBECA9D0-4945-48D5-992D-E3151D0DC163}.Release|Any CPU.Build.0 = Release|Any CPU
		{989659C9-DF1F-41DF-8F8E-94D9D80A2EFD}.Debug|Any CPU.ActiveCfg = Debug|Any CPU
		{989659C9-DF1F-41DF-8F8E-94D9D80A2EFD}.Debug|Any CPU.Build.0 = Debug|Any CPU
		{989659C9-DF1F-41DF-8F8E-94D9D80A2EFD}.Release|Any CPU.ActiveCfg = Release|Any CPU
		{989659C9-DF1F-41DF-8F8E-94D9D80A2EFD}.Release|Any CPU.Build.0 = Release|Any CPU
		{C2B020FF-C3E6-4E33-8C7C-08F6905A93A7}.Debug|Any CPU.ActiveCfg = Debug|Any CPU
		{C2B020FF-C3E6-4E33-8C7C-08F6905A93A7}.Debug|Any CPU.Build.0 = Debug|Any CPU
		{C2B020FF-C3E6-4E33-8C7C-08F6905A93A7}.Release|Any CPU.ActiveCfg = Release|Any CPU
		{C2B020FF-C3E6-4E33-8C7C-08F6905A93A7}.Release|Any CPU.Build.0 = Release|Any CPU
		{070847AF-17CA-4FCA-8B73-6763A6EF05BE}.Debug|Any CPU.ActiveCfg = Debug|Any CPU
		{070847AF-17CA-4FCA-8B73-6763A6EF05BE}.Debug|Any CPU.Build.0 = Debug|Any CPU
		{070847AF-17CA-4FCA-8B73-6763A6EF05BE}.Release|Any CPU.ActiveCfg = Release|Any CPU
		{070847AF-17CA-4FCA-8B73-6763A6EF05BE}.Release|Any CPU.Build.0 = Release|Any CPU
		{D5AB773A-BACE-4FBB-923D-0F08ABAB5179}.Debug|Any CPU.ActiveCfg = Debug|Any CPU
		{D5AB773A-BACE-4FBB-923D-0F08ABAB5179}.Debug|Any CPU.Build.0 = Debug|Any CPU
		{D5AB773A-BACE-4FBB-923D-0F08ABAB5179}.Release|Any CPU.ActiveCfg = Release|Any CPU
		{D5AB773A-BACE-4FBB-923D-0F08ABAB5179}.Release|Any CPU.Build.0 = Release|Any CPU
		{62AC9849-0775-4791-A28B-5DF53A40FC8B}.Debug|Any CPU.ActiveCfg = Debug|Any CPU
		{62AC9849-0775-4791-A28B-5DF53A40FC8B}.Debug|Any CPU.Build.0 = Debug|Any CPU
		{62AC9849-0775-4791-A28B-5DF53A40FC8B}.Release|Any CPU.ActiveCfg = Release|Any CPU
		{62AC9849-0775-4791-A28B-5DF53A40FC8B}.Release|Any CPU.Build.0 = Release|Any CPU
		{3EDF179E-70AE-4A31-A54C-CCE213BE29D2}.Debug|Any CPU.ActiveCfg = Debug|Any CPU
		{3EDF179E-70AE-4A31-A54C-CCE213BE29D2}.Debug|Any CPU.Build.0 = Debug|Any CPU
		{3EDF179E-70AE-4A31-A54C-CCE213BE29D2}.Release|Any CPU.ActiveCfg = Release|Any CPU
		{3EDF179E-70AE-4A31-A54C-CCE213BE29D2}.Release|Any CPU.Build.0 = Release|Any CPU
		{DEC68166-774A-4A1E-9069-2C678C566814}.Debug|Any CPU.ActiveCfg = Debug|Any CPU
		{DEC68166-774A-4A1E-9069-2C678C566814}.Debug|Any CPU.Build.0 = Debug|Any CPU
		{DEC68166-774A-4A1E-9069-2C678C566814}.Release|Any CPU.ActiveCfg = Release|Any CPU
		{DEC68166-774A-4A1E-9069-2C678C566814}.Release|Any CPU.Build.0 = Release|Any CPU
		{6B149ED6-F83B-4731-8950-E2989D96E1D8}.Debug|Any CPU.ActiveCfg = Debug|Any CPU
		{6B149ED6-F83B-4731-8950-E2989D96E1D8}.Debug|Any CPU.Build.0 = Debug|Any CPU
		{6B149ED6-F83B-4731-8950-E2989D96E1D8}.Release|Any CPU.ActiveCfg = Release|Any CPU
		{6B149ED6-F83B-4731-8950-E2989D96E1D8}.Release|Any CPU.Build.0 = Release|Any CPU
		{447ABE78-490A-4D33-BC08-8D9BA5980030}.Debug|Any CPU.ActiveCfg = Debug|Any CPU
		{447ABE78-490A-4D33-BC08-8D9BA5980030}.Debug|Any CPU.Build.0 = Debug|Any CPU
		{447ABE78-490A-4D33-BC08-8D9BA5980030}.Release|Any CPU.ActiveCfg = Release|Any CPU
		{447ABE78-490A-4D33-BC08-8D9BA5980030}.Release|Any CPU.Build.0 = Release|Any CPU
		{DF47ACE4-706C-481C-A66E-E41487BB2855}.Debug|Any CPU.ActiveCfg = Debug|Any CPU
		{DF47ACE4-706C-481C-A66E-E41487BB2855}.Debug|Any CPU.Build.0 = Debug|Any CPU
		{DF47ACE4-706C-481C-A66E-E41487BB2855}.Release|Any CPU.ActiveCfg = Release|Any CPU
		{DF47ACE4-706C-481C-A66E-E41487BB2855}.Release|Any CPU.Build.0 = Release|Any CPU
		{13485D75-2234-4798-AE7A-5B993E72BE97}.Debug|Any CPU.ActiveCfg = Debug|Any CPU
		{13485D75-2234-4798-AE7A-5B993E72BE97}.Debug|Any CPU.Build.0 = Debug|Any CPU
		{13485D75-2234-4798-AE7A-5B993E72BE97}.Release|Any CPU.ActiveCfg = Release|Any CPU
		{13485D75-2234-4798-AE7A-5B993E72BE97}.Release|Any CPU.Build.0 = Release|Any CPU
		{F9682BE3-CAF5-4C5F-A953-CAA5A5DBBC40}.Debug|Any CPU.ActiveCfg = Debug|Any CPU
		{F9682BE3-CAF5-4C5F-A953-CAA5A5DBBC40}.Debug|Any CPU.Build.0 = Debug|Any CPU
		{F9682BE3-CAF5-4C5F-A953-CAA5A5DBBC40}.Release|Any CPU.ActiveCfg = Release|Any CPU
		{F9682BE3-CAF5-4C5F-A953-CAA5A5DBBC40}.Release|Any CPU.Build.0 = Release|Any CPU
		{230CA379-E97C-41C7-B6CF-4273B014B497}.Debug|Any CPU.ActiveCfg = Debug|Any CPU
		{230CA379-E97C-41C7-B6CF-4273B014B497}.Debug|Any CPU.Build.0 = Debug|Any CPU
		{230CA379-E97C-41C7-B6CF-4273B014B497}.Release|Any CPU.ActiveCfg = Release|Any CPU
		{230CA379-E97C-41C7-B6CF-4273B014B497}.Release|Any CPU.Build.0 = Release|Any CPU
		{8DA7C381-65E0-4216-9021-D4CB7A186453}.Debug|Any CPU.ActiveCfg = Debug|Any CPU
		{8DA7C381-65E0-4216-9021-D4CB7A186453}.Debug|Any CPU.Build.0 = Debug|Any CPU
		{8DA7C381-65E0-4216-9021-D4CB7A186453}.Release|Any CPU.ActiveCfg = Release|Any CPU
		{8DA7C381-65E0-4216-9021-D4CB7A186453}.Release|Any CPU.Build.0 = Release|Any CPU
		{24362C7C-C419-461E-9D82-A27731AB45BA}.Debug|Any CPU.ActiveCfg = Debug|Any CPU
		{24362C7C-C419-461E-9D82-A27731AB45BA}.Debug|Any CPU.Build.0 = Debug|Any CPU
		{24362C7C-C419-461E-9D82-A27731AB45BA}.Release|Any CPU.ActiveCfg = Release|Any CPU
		{24362C7C-C419-461E-9D82-A27731AB45BA}.Release|Any CPU.Build.0 = Release|Any CPU
		{CEEEF326-0142-42A2-9F7C-BC7FDF352AEA}.Debug|Any CPU.ActiveCfg = Debug|Any CPU
		{CEEEF326-0142-42A2-9F7C-BC7FDF352AEA}.Debug|Any CPU.Build.0 = Debug|Any CPU
		{CEEEF326-0142-42A2-9F7C-BC7FDF352AEA}.Release|Any CPU.ActiveCfg = Release|Any CPU
		{CEEEF326-0142-42A2-9F7C-BC7FDF352AEA}.Release|Any CPU.Build.0 = Release|Any CPU
		{295BC19D-4728-48B6-9F0F-9081D2CEDE40}.Debug|Any CPU.ActiveCfg = Debug|Any CPU
		{295BC19D-4728-48B6-9F0F-9081D2CEDE40}.Debug|Any CPU.Build.0 = Debug|Any CPU
		{295BC19D-4728-48B6-9F0F-9081D2CEDE40}.Release|Any CPU.ActiveCfg = Release|Any CPU
		{295BC19D-4728-48B6-9F0F-9081D2CEDE40}.Release|Any CPU.Build.0 = Release|Any CPU
		{3DDCB234-3912-4107-8A6D-D182621B5482}.Debug|Any CPU.ActiveCfg = Debug|Any CPU
		{3DDCB234-3912-4107-8A6D-D182621B5482}.Debug|Any CPU.Build.0 = Debug|Any CPU
		{3DDCB234-3912-4107-8A6D-D182621B5482}.Release|Any CPU.ActiveCfg = Release|Any CPU
		{3DDCB234-3912-4107-8A6D-D182621B5482}.Release|Any CPU.Build.0 = Release|Any CPU
		{AB428F21-C3D7-4193-BD07-F9DD162EB68D}.Debug|Any CPU.ActiveCfg = Debug|Any CPU
		{AB428F21-C3D7-4193-BD07-F9DD162EB68D}.Debug|Any CPU.Build.0 = Debug|Any CPU
		{AB428F21-C3D7-4193-BD07-F9DD162EB68D}.Release|Any CPU.ActiveCfg = Release|Any CPU
		{AB428F21-C3D7-4193-BD07-F9DD162EB68D}.Release|Any CPU.Build.0 = Release|Any CPU
		{90FE4F5F-15EA-4088-940F-C5A2B7288D54}.Debug|Any CPU.ActiveCfg = Debug|Any CPU
		{90FE4F5F-15EA-4088-940F-C5A2B7288D54}.Debug|Any CPU.Build.0 = Debug|Any CPU
		{90FE4F5F-15EA-4088-940F-C5A2B7288D54}.Release|Any CPU.ActiveCfg = Release|Any CPU
		{90FE4F5F-15EA-4088-940F-C5A2B7288D54}.Release|Any CPU.Build.0 = Release|Any CPU
		{8F4B7624-54F9-4A70-8061-89FAC23186C0}.Debug|Any CPU.ActiveCfg = Debug|Any CPU
		{8F4B7624-54F9-4A70-8061-89FAC23186C0}.Debug|Any CPU.Build.0 = Debug|Any CPU
		{8F4B7624-54F9-4A70-8061-89FAC23186C0}.Release|Any CPU.ActiveCfg = Release|Any CPU
		{8F4B7624-54F9-4A70-8061-89FAC23186C0}.Release|Any CPU.Build.0 = Release|Any CPU
		{95D1D7A2-0490-4B67-A5B8-A27FC067DEA8}.Debug|Any CPU.ActiveCfg = Debug|Any CPU
		{95D1D7A2-0490-4B67-A5B8-A27FC067DEA8}.Debug|Any CPU.Build.0 = Debug|Any CPU
		{95D1D7A2-0490-4B67-A5B8-A27FC067DEA8}.Release|Any CPU.ActiveCfg = Release|Any CPU
		{95D1D7A2-0490-4B67-A5B8-A27FC067DEA8}.Release|Any CPU.Build.0 = Release|Any CPU
		{8EA5D29A-3FC6-4021-81C8-FB4F0F1CF3D4}.Debug|Any CPU.ActiveCfg = Debug|Any CPU
		{8EA5D29A-3FC6-4021-81C8-FB4F0F1CF3D4}.Debug|Any CPU.Build.0 = Debug|Any CPU
		{8EA5D29A-3FC6-4021-81C8-FB4F0F1CF3D4}.Release|Any CPU.ActiveCfg = Release|Any CPU
		{8EA5D29A-3FC6-4021-81C8-FB4F0F1CF3D4}.Release|Any CPU.Build.0 = Release|Any CPU
		{729418D0-F401-4197-B8A5-98CF9725236D}.Debug|Any CPU.ActiveCfg = Debug|Any CPU
		{729418D0-F401-4197-B8A5-98CF9725236D}.Debug|Any CPU.Build.0 = Debug|Any CPU
		{729418D0-F401-4197-B8A5-98CF9725236D}.Release|Any CPU.ActiveCfg = Release|Any CPU
		{729418D0-F401-4197-B8A5-98CF9725236D}.Release|Any CPU.Build.0 = Release|Any CPU
		{F7E698B5-379A-4A41-9500-A1275048CB34}.Debug|Any CPU.ActiveCfg = Debug|Any CPU
		{F7E698B5-379A-4A41-9500-A1275048CB34}.Debug|Any CPU.Build.0 = Debug|Any CPU
		{F7E698B5-379A-4A41-9500-A1275048CB34}.Release|Any CPU.ActiveCfg = Release|Any CPU
		{F7E698B5-379A-4A41-9500-A1275048CB34}.Release|Any CPU.Build.0 = Release|Any CPU
		{54D6CF9A-1335-45F3-B696-A0AA3419E644}.Debug|Any CPU.ActiveCfg = Debug|Any CPU
		{54D6CF9A-1335-45F3-B696-A0AA3419E644}.Debug|Any CPU.Build.0 = Debug|Any CPU
		{54D6CF9A-1335-45F3-B696-A0AA3419E644}.Release|Any CPU.ActiveCfg = Release|Any CPU
		{54D6CF9A-1335-45F3-B696-A0AA3419E644}.Release|Any CPU.Build.0 = Release|Any CPU
		{020D524E-3F41-48F1-AA80-1048E6754758}.Debug|Any CPU.ActiveCfg = Debug|Any CPU
		{020D524E-3F41-48F1-AA80-1048E6754758}.Debug|Any CPU.Build.0 = Debug|Any CPU
		{020D524E-3F41-48F1-AA80-1048E6754758}.Release|Any CPU.ActiveCfg = Release|Any CPU
		{020D524E-3F41-48F1-AA80-1048E6754758}.Release|Any CPU.Build.0 = Release|Any CPU
		{20C7A9E7-84FC-4693-81E4-C2757160B185}.Debug|Any CPU.ActiveCfg = Debug|Any CPU
		{20C7A9E7-84FC-4693-81E4-C2757160B185}.Debug|Any CPU.Build.0 = Debug|Any CPU
		{20C7A9E7-84FC-4693-81E4-C2757160B185}.Release|Any CPU.ActiveCfg = Release|Any CPU
		{20C7A9E7-84FC-4693-81E4-C2757160B185}.Release|Any CPU.Build.0 = Release|Any CPU
		{7B368647-DDA9-44C2-BB44-3FC1536F787C}.Debug|Any CPU.ActiveCfg = Debug|Any CPU
		{7B368647-DDA9-44C2-BB44-3FC1536F787C}.Debug|Any CPU.Build.0 = Debug|Any CPU
		{7B368647-DDA9-44C2-BB44-3FC1536F787C}.Release|Any CPU.ActiveCfg = Release|Any CPU
		{7B368647-DDA9-44C2-BB44-3FC1536F787C}.Release|Any CPU.Build.0 = Release|Any CPU
		{0F8D3964-BA93-4AB4-A0A0-0799C6436BD7}.Debug|Any CPU.ActiveCfg = Debug|Any CPU
		{0F8D3964-BA93-4AB4-A0A0-0799C6436BD7}.Debug|Any CPU.Build.0 = Debug|Any CPU
		{0F8D3964-BA93-4AB4-A0A0-0799C6436BD7}.Release|Any CPU.ActiveCfg = Release|Any CPU
		{0F8D3964-BA93-4AB4-A0A0-0799C6436BD7}.Release|Any CPU.Build.0 = Release|Any CPU
		{1F3FD7F8-5FA4-4046-B60A-9F2E6C684A59}.Debug|Any CPU.ActiveCfg = Debug|Any CPU
		{1F3FD7F8-5FA4-4046-B60A-9F2E6C684A59}.Debug|Any CPU.Build.0 = Debug|Any CPU
		{1F3FD7F8-5FA4-4046-B60A-9F2E6C684A59}.Release|Any CPU.ActiveCfg = Release|Any CPU
		{1F3FD7F8-5FA4-4046-B60A-9F2E6C684A59}.Release|Any CPU.Build.0 = Release|Any CPU
		{67AA8E0A-775D-4CE6-AA87-3E3E4E6EE314}.Debug|Any CPU.ActiveCfg = Debug|Any CPU
		{67AA8E0A-775D-4CE6-AA87-3E3E4E6EE314}.Debug|Any CPU.Build.0 = Debug|Any CPU
		{67AA8E0A-775D-4CE6-AA87-3E3E4E6EE314}.Release|Any CPU.ActiveCfg = Release|Any CPU
		{67AA8E0A-775D-4CE6-AA87-3E3E4E6EE314}.Release|Any CPU.Build.0 = Release|Any CPU
		{48F54D72-DE5D-4B39-91A1-C6BF8957D3C0}.Debug|Any CPU.ActiveCfg = Debug|Any CPU
		{48F54D72-DE5D-4B39-91A1-C6BF8957D3C0}.Debug|Any CPU.Build.0 = Debug|Any CPU
		{48F54D72-DE5D-4B39-91A1-C6BF8957D3C0}.Release|Any CPU.ActiveCfg = Release|Any CPU
		{48F54D72-DE5D-4B39-91A1-C6BF8957D3C0}.Release|Any CPU.Build.0 = Release|Any CPU
		{422E9B47-7D7B-4F2E-9494-817D18CD4C78}.Debug|Any CPU.ActiveCfg = Debug|Any CPU
		{422E9B47-7D7B-4F2E-9494-817D18CD4C78}.Debug|Any CPU.Build.0 = Debug|Any CPU
		{422E9B47-7D7B-4F2E-9494-817D18CD4C78}.Release|Any CPU.ActiveCfg = Release|Any CPU
		{422E9B47-7D7B-4F2E-9494-817D18CD4C78}.Release|Any CPU.Build.0 = Release|Any CPU
		{201BD07D-AA4D-4DF9-9E5A-86D634727090}.Debug|Any CPU.ActiveCfg = Debug|Any CPU
		{201BD07D-AA4D-4DF9-9E5A-86D634727090}.Debug|Any CPU.Build.0 = Debug|Any CPU
		{201BD07D-AA4D-4DF9-9E5A-86D634727090}.Release|Any CPU.ActiveCfg = Release|Any CPU
		{201BD07D-AA4D-4DF9-9E5A-86D634727090}.Release|Any CPU.Build.0 = Release|Any CPU
		{1052E9E8-0BC3-477A-BB0F-07D1A9247EFE}.Debug|Any CPU.ActiveCfg = Debug|Any CPU
		{1052E9E8-0BC3-477A-BB0F-07D1A9247EFE}.Debug|Any CPU.Build.0 = Debug|Any CPU
		{1052E9E8-0BC3-477A-BB0F-07D1A9247EFE}.Release|Any CPU.ActiveCfg = Release|Any CPU
		{1052E9E8-0BC3-477A-BB0F-07D1A9247EFE}.Release|Any CPU.Build.0 = Release|Any CPU
		{A8F3245F-932D-415D-941C-E19EE80BD0E3}.Debug|Any CPU.ActiveCfg = Debug|Any CPU
		{A8F3245F-932D-415D-941C-E19EE80BD0E3}.Debug|Any CPU.Build.0 = Debug|Any CPU
		{A8F3245F-932D-415D-941C-E19EE80BD0E3}.Release|Any CPU.ActiveCfg = Release|Any CPU
		{A8F3245F-932D-415D-941C-E19EE80BD0E3}.Release|Any CPU.Build.0 = Release|Any CPU
		{4417CAAA-23CE-4932-8C21-DFD65891A199}.Debug|Any CPU.ActiveCfg = Debug|Any CPU
		{4417CAAA-23CE-4932-8C21-DFD65891A199}.Debug|Any CPU.Build.0 = Debug|Any CPU
		{4417CAAA-23CE-4932-8C21-DFD65891A199}.Release|Any CPU.ActiveCfg = Release|Any CPU
		{4417CAAA-23CE-4932-8C21-DFD65891A199}.Release|Any CPU.Build.0 = Release|Any CPU
		{3085BB9C-27E5-47B7-8FA2-E7C66B5531DD}.Debug|Any CPU.ActiveCfg = Debug|Any CPU
		{3085BB9C-27E5-47B7-8FA2-E7C66B5531DD}.Debug|Any CPU.Build.0 = Debug|Any CPU
		{3085BB9C-27E5-47B7-8FA2-E7C66B5531DD}.Release|Any CPU.ActiveCfg = Release|Any CPU
		{3085BB9C-27E5-47B7-8FA2-E7C66B5531DD}.Release|Any CPU.Build.0 = Release|Any CPU
		{D0ED9EBA-2AE3-42BC-B64D-B390F986589C}.Debug|Any CPU.ActiveCfg = Debug|Any CPU
		{D0ED9EBA-2AE3-42BC-B64D-B390F986589C}.Debug|Any CPU.Build.0 = Debug|Any CPU
		{D0ED9EBA-2AE3-42BC-B64D-B390F986589C}.Release|Any CPU.ActiveCfg = Release|Any CPU
		{D0ED9EBA-2AE3-42BC-B64D-B390F986589C}.Release|Any CPU.Build.0 = Release|Any CPU
		{2F25E662-E5DF-4617-BA33-2D2ADFE8D06B}.Debug|Any CPU.ActiveCfg = Debug|Any CPU
		{2F25E662-E5DF-4617-BA33-2D2ADFE8D06B}.Debug|Any CPU.Build.0 = Debug|Any CPU
		{2F25E662-E5DF-4617-BA33-2D2ADFE8D06B}.Release|Any CPU.ActiveCfg = Release|Any CPU
		{2F25E662-E5DF-4617-BA33-2D2ADFE8D06B}.Release|Any CPU.Build.0 = Release|Any CPU
		{A3F05DBE-1B50-4294-9466-76224ADE4E27}.Debug|Any CPU.ActiveCfg = Debug|Any CPU
		{A3F05DBE-1B50-4294-9466-76224ADE4E27}.Debug|Any CPU.Build.0 = Debug|Any CPU
		{A3F05DBE-1B50-4294-9466-76224ADE4E27}.Release|Any CPU.ActiveCfg = Release|Any CPU
		{A3F05DBE-1B50-4294-9466-76224ADE4E27}.Release|Any CPU.Build.0 = Release|Any CPU
		{ED562236-3D80-4B02-81D2-29530F73CB09}.Debug|Any CPU.ActiveCfg = Debug|Any CPU
		{ED562236-3D80-4B02-81D2-29530F73CB09}.Debug|Any CPU.Build.0 = Debug|Any CPU
		{ED562236-3D80-4B02-81D2-29530F73CB09}.Release|Any CPU.ActiveCfg = Release|Any CPU
		{ED562236-3D80-4B02-81D2-29530F73CB09}.Release|Any CPU.Build.0 = Release|Any CPU
		{68065314-C9DF-407B-A776-74396C3DFB90}.Debug|Any CPU.ActiveCfg = Debug|Any CPU
		{68065314-C9DF-407B-A776-74396C3DFB90}.Debug|Any CPU.Build.0 = Debug|Any CPU
		{68065314-C9DF-407B-A776-74396C3DFB90}.Release|Any CPU.ActiveCfg = Release|Any CPU
		{68065314-C9DF-407B-A776-74396C3DFB90}.Release|Any CPU.Build.0 = Release|Any CPU
		{1229BE79-F042-4B12-BFDA-5EFF78297AE7}.Debug|Any CPU.ActiveCfg = Debug|Any CPU
		{1229BE79-F042-4B12-BFDA-5EFF78297AE7}.Debug|Any CPU.Build.0 = Debug|Any CPU
		{1229BE79-F042-4B12-BFDA-5EFF78297AE7}.Release|Any CPU.ActiveCfg = Release|Any CPU
		{1229BE79-F042-4B12-BFDA-5EFF78297AE7}.Release|Any CPU.Build.0 = Release|Any CPU
		{5C55E16B-601F-4EE8-90DC-23E645920EF6}.Debug|Any CPU.ActiveCfg = Debug|Any CPU
		{5C55E16B-601F-4EE8-90DC-23E645920EF6}.Debug|Any CPU.Build.0 = Debug|Any CPU
		{5C55E16B-601F-4EE8-90DC-23E645920EF6}.Release|Any CPU.ActiveCfg = Release|Any CPU
		{5C55E16B-601F-4EE8-90DC-23E645920EF6}.Release|Any CPU.Build.0 = Release|Any CPU
		{A2A503AB-8AF8-4857-9C10-9DD09E6A5E4D}.Debug|Any CPU.ActiveCfg = Debug|Any CPU
		{A2A503AB-8AF8-4857-9C10-9DD09E6A5E4D}.Debug|Any CPU.Build.0 = Debug|Any CPU
		{A2A503AB-8AF8-4857-9C10-9DD09E6A5E4D}.Release|Any CPU.ActiveCfg = Release|Any CPU
		{A2A503AB-8AF8-4857-9C10-9DD09E6A5E4D}.Release|Any CPU.Build.0 = Release|Any CPU
		{9B169846-1E08-4827-A4BE-0FCAAECC6ABD}.Debug|Any CPU.ActiveCfg = Debug|Any CPU
		{9B169846-1E08-4827-A4BE-0FCAAECC6ABD}.Debug|Any CPU.Build.0 = Debug|Any CPU
		{9B169846-1E08-4827-A4BE-0FCAAECC6ABD}.Release|Any CPU.ActiveCfg = Release|Any CPU
		{9B169846-1E08-4827-A4BE-0FCAAECC6ABD}.Release|Any CPU.Build.0 = Release|Any CPU
		{2E94B42B-FF09-44DD-B32F-C0B380467373}.Debug|Any CPU.ActiveCfg = Debug|Any CPU
		{2E94B42B-FF09-44DD-B32F-C0B380467373}.Debug|Any CPU.Build.0 = Debug|Any CPU
		{2E94B42B-FF09-44DD-B32F-C0B380467373}.Release|Any CPU.ActiveCfg = Release|Any CPU
		{2E94B42B-FF09-44DD-B32F-C0B380467373}.Release|Any CPU.Build.0 = Release|Any CPU
		{B12DE399-C5B0-4213-988F-4ECED92ACDF9}.Debug|Any CPU.ActiveCfg = Debug|Any CPU
		{B12DE399-C5B0-4213-988F-4ECED92ACDF9}.Debug|Any CPU.Build.0 = Debug|Any CPU
		{B12DE399-C5B0-4213-988F-4ECED92ACDF9}.Release|Any CPU.ActiveCfg = Release|Any CPU
		{B12DE399-C5B0-4213-988F-4ECED92ACDF9}.Release|Any CPU.Build.0 = Release|Any CPU
		{621F6387-1B81-4137-901A-134622956BD8}.Debug|Any CPU.ActiveCfg = Debug|Any CPU
		{621F6387-1B81-4137-901A-134622956BD8}.Debug|Any CPU.Build.0 = Debug|Any CPU
		{621F6387-1B81-4137-901A-134622956BD8}.Release|Any CPU.ActiveCfg = Release|Any CPU
		{621F6387-1B81-4137-901A-134622956BD8}.Release|Any CPU.Build.0 = Release|Any CPU
		{31627D0D-8A41-4480-8D24-78FD136269FE}.Debug|Any CPU.ActiveCfg = Debug|Any CPU
		{31627D0D-8A41-4480-8D24-78FD136269FE}.Debug|Any CPU.Build.0 = Debug|Any CPU
		{31627D0D-8A41-4480-8D24-78FD136269FE}.Release|Any CPU.ActiveCfg = Release|Any CPU
		{31627D0D-8A41-4480-8D24-78FD136269FE}.Release|Any CPU.Build.0 = Release|Any CPU
		{985A38BF-8841-4B54-BF83-8DC6322A7868}.Debug|Any CPU.ActiveCfg = Debug|Any CPU
		{985A38BF-8841-4B54-BF83-8DC6322A7868}.Debug|Any CPU.Build.0 = Debug|Any CPU
		{985A38BF-8841-4B54-BF83-8DC6322A7868}.Release|Any CPU.ActiveCfg = Release|Any CPU
		{985A38BF-8841-4B54-BF83-8DC6322A7868}.Release|Any CPU.Build.0 = Release|Any CPU
	EndGlobalSection
	GlobalSection(NestedProjects) = preSolution
		{8DA7C381-65E0-4216-9021-D4CB7A186453} = {AE245578-F16D-44FB-8F2C-496CBE7C1D53}
		{AB428F21-C3D7-4193-BD07-F9DD162EB68D} = {AE245578-F16D-44FB-8F2C-496CBE7C1D53}
		{24362C7C-C419-461E-9D82-A27731AB45BA} = {AE245578-F16D-44FB-8F2C-496CBE7C1D53}
		{295BC19D-4728-48B6-9F0F-9081D2CEDE40} = {AE245578-F16D-44FB-8F2C-496CBE7C1D53}
		{13485D75-2234-4798-AE7A-5B993E72BE97} = {AE245578-F16D-44FB-8F2C-496CBE7C1D53}
		{F9682BE3-CAF5-4C5F-A953-CAA5A5DBBC40} = {AE245578-F16D-44FB-8F2C-496CBE7C1D53}
		{230CA379-E97C-41C7-B6CF-4273B014B497} = {AE245578-F16D-44FB-8F2C-496CBE7C1D53}
		{070847AF-17CA-4FCA-8B73-6763A6EF05BE} = {C260C487-7351-40F3-AA1F-E28BC4B51494}
		{DF47ACE4-706C-481C-A66E-E41487BB2855} = {C260C487-7351-40F3-AA1F-E28BC4B51494}
		{62AC9849-0775-4791-A28B-5DF53A40FC8B} = {C260C487-7351-40F3-AA1F-E28BC4B51494}
		{3EDF179E-70AE-4A31-A54C-CCE213BE29D2} = {C260C487-7351-40F3-AA1F-E28BC4B51494}
		{DBECA9D0-4945-48D5-992D-E3151D0DC163} = {C260C487-7351-40F3-AA1F-E28BC4B51494}
		{447ABE78-490A-4D33-BC08-8D9BA5980030} = {C260C487-7351-40F3-AA1F-E28BC4B51494}
		{8F4B7624-54F9-4A70-8061-89FAC23186C0} = {C260C487-7351-40F3-AA1F-E28BC4B51494}
		{989659C9-DF1F-41DF-8F8E-94D9D80A2EFD} = {C260C487-7351-40F3-AA1F-E28BC4B51494}
		{95D1D7A2-0490-4B67-A5B8-A27FC067DEA8} = {1B62345A-F423-4CA1-A4B5-56DEC8B9F3E9}
		{8EA5D29A-3FC6-4021-81C8-FB4F0F1CF3D4} = {1B62345A-F423-4CA1-A4B5-56DEC8B9F3E9}
		{729418D0-F401-4197-B8A5-98CF9725236D} = {1B62345A-F423-4CA1-A4B5-56DEC8B9F3E9}
		{F7E698B5-379A-4A41-9500-A1275048CB34} = {1B62345A-F423-4CA1-A4B5-56DEC8B9F3E9}
		{54D6CF9A-1335-45F3-B696-A0AA3419E644} = {66EB2F70-0745-43DC-AB59-8DFE3BB248AB}
		{020D524E-3F41-48F1-AA80-1048E6754758} = {66EB2F70-0745-43DC-AB59-8DFE3BB248AB}
		{7B368647-DDA9-44C2-BB44-3FC1536F787C} = {66EB2F70-0745-43DC-AB59-8DFE3BB248AB}
		{0F8D3964-BA93-4AB4-A0A0-0799C6436BD7} = {66EB2F70-0745-43DC-AB59-8DFE3BB248AB}
		{1F3FD7F8-5FA4-4046-B60A-9F2E6C684A59} = {66EB2F70-0745-43DC-AB59-8DFE3BB248AB}
		{67AA8E0A-775D-4CE6-AA87-3E3E4E6EE314} = {66EB2F70-0745-43DC-AB59-8DFE3BB248AB}
		{422E9B47-7D7B-4F2E-9494-817D18CD4C78} = {66EB2F70-0745-43DC-AB59-8DFE3BB248AB}
		{201BD07D-AA4D-4DF9-9E5A-86D634727090} = {66EB2F70-0745-43DC-AB59-8DFE3BB248AB}
		{1052E9E8-0BC3-477A-BB0F-07D1A9247EFE} = {1B62345A-F423-4CA1-A4B5-56DEC8B9F3E9}
		{A8F3245F-932D-415D-941C-E19EE80BD0E3} = {1B62345A-F423-4CA1-A4B5-56DEC8B9F3E9}
		{4417CAAA-23CE-4932-8C21-DFD65891A199} = {1B62345A-F423-4CA1-A4B5-56DEC8B9F3E9}
		{3085BB9C-27E5-47B7-8FA2-E7C66B5531DD} = {AE245578-F16D-44FB-8F2C-496CBE7C1D53}
		{C2B020FF-C3E6-4E33-8C7C-08F6905A93A7} = {C8FCA1D5-FB55-42E0-9C82-97F892985DD2}
		{DEC68166-774A-4A1E-9069-2C678C566814} = {C8FCA1D5-FB55-42E0-9C82-97F892985DD2}
		{6B149ED6-F83B-4731-8950-E2989D96E1D8} = {C8FCA1D5-FB55-42E0-9C82-97F892985DD2}
		{D5AB773A-BACE-4FBB-923D-0F08ABAB5179} = {C8FCA1D5-FB55-42E0-9C82-97F892985DD2}
		{D0ED9EBA-2AE3-42BC-B64D-B390F986589C} = {1B62345A-F423-4CA1-A4B5-56DEC8B9F3E9}
		{2F25E662-E5DF-4617-BA33-2D2ADFE8D06B} = {2767C4F9-3C74-406E-B5B0-DE02A0CA5936}
		{ED562236-3D80-4B02-81D2-29530F73CB09} = {E98A988F-269B-47AA-9095-8540F145A1A1}
		{68065314-C9DF-407B-A776-74396C3DFB90} = {E98A988F-269B-47AA-9095-8540F145A1A1}
		{1229BE79-F042-4B12-BFDA-5EFF78297AE7} = {E98A988F-269B-47AA-9095-8540F145A1A1}
		{5C55E16B-601F-4EE8-90DC-23E645920EF6} = {E98A988F-269B-47AA-9095-8540F145A1A1}
		{A2A503AB-8AF8-4857-9C10-9DD09E6A5E4D} = {E98A988F-269B-47AA-9095-8540F145A1A1}
		{9B169846-1E08-4827-A4BE-0FCAAECC6ABD} = {E98A988F-269B-47AA-9095-8540F145A1A1}
		{2E94B42B-FF09-44DD-B32F-C0B380467373} = {E98A988F-269B-47AA-9095-8540F145A1A1}
		{B12DE399-C5B0-4213-988F-4ECED92ACDF9} = {E98A988F-269B-47AA-9095-8540F145A1A1}
		{621F6387-1B81-4137-901A-134622956BD8} = {D686B281-B959-48D0-9E74-57C95D5AE4D0}
		{985A38BF-8841-4B54-BF83-8DC6322A7868} = {CF7A8458-9E7A-437A-9805-1BAA2560ABF3}
	EndGlobalSection
EndGlobal
